{
  "originHash" : "74cbe2cf54bc057c18ff7166b60b2799fb7943f1d0980cd8a29a6e0c9e13c044",
  "pins" : [
    {
      "identity" : "og",
      "kind" : "remoteSourceControl",
      "location" : "https://github.com/open-gluck/OG",
      "state" : {
        "branch" : "main",
        "revision" : "f64a46d5caa882e34d0d8173161a0653001d1ea0"
      }
    }
  ],
  "version" : 2
}
