{
  "originHash" : "74cbe2cf54bc057c18ff7166b60b2799fb7943f1d0980cd8a29a6e0c9e13c044",
  "pins" : [
    {
      "identity" : "og",
      "kind" : "remoteSourceControl",
      "location" : "https://github.com/open-gluck/OG",
      "state" : {
        "branch" : "main",
        "revision" : "7149d152dcc331aa02bd454b4cbdaa89e4958f4b"
      }
    }
  ],
  "version" : 3
}
